
Microsoft Visual Studio Solution File, Format Version 12.00
# Visual Studio 14
VisualStudioVersion = 14.0.24720.0
MinimumVisualStudioVersion = 10.0.40219.1
Project("{FAE04EC0-301F-11D3-BF4B-00C04F79EFBC}") = "justinobney.gymbuddy.api", "justinobney.gymbuddy.api\justinobney.gymbuddy.api.csproj", "{984459EB-0BF5-4C05-A6D8-894A2BDB0BEB}"
EndProject
Project("{FAE04EC0-301F-11D3-BF4B-00C04F79EFBC}") = "justinobney.gymbuddy.api.tests", "justinobney.gymbuddy.api.tests\justinobney.gymbuddy.api.tests.csproj", "{FBF24B86-B0C3-4349-A49D-CBA6FCE7E860}"
EndProject
Global
	GlobalSection(SolutionConfigurationPlatforms) = preSolution
		Debug|Any CPU = Debug|Any CPU
		Release|Any CPU = Release|Any CPU
	EndGlobalSection
	GlobalSection(ProjectConfigurationPlatforms) = postSolution
		{984459EB-0BF5-4C05-A6D8-894A2BDB0BEB}.Debug|Any CPU.ActiveCfg = Debug|Any CPU
		{984459EB-0BF5-4C05-A6D8-894A2BDB0BEB}.Debug|Any CPU.Build.0 = Debug|Any CPU
		{984459EB-0BF5-4C05-A6D8-894A2BDB0BEB}.Release|Any CPU.ActiveCfg = Release|Any CPU
		{984459EB-0BF5-4C05-A6D8-894A2BDB0BEB}.Release|Any CPU.Build.0 = Release|Any CPU
		{FBF24B86-B0C3-4349-A49D-CBA6FCE7E860}.Debug|Any CPU.ActiveCfg = Debug|Any CPU
		{FBF24B86-B0C3-4349-A49D-CBA6FCE7E860}.Debug|Any CPU.Build.0 = Debug|Any CPU
		{FBF24B86-B0C3-4349-A49D-CBA6FCE7E860}.Release|Any CPU.ActiveCfg = Release|Any CPU
		{FBF24B86-B0C3-4349-A49D-CBA6FCE7E860}.Release|Any CPU.Build.0 = Release|Any CPU
	EndGlobalSection
	GlobalSection(SolutionProperties) = preSolution
		HideSolutionNode = FALSE
	EndGlobalSection
EndGlobal
